
Microsoft Visual Studio Solution File, Format Version 12.00
# Visual Studio Version 17
VisualStudioVersion = 17.4.33205.214
MinimumVisualStudioVersion = 10.0.40219.1
Project("{FAE04EC0-301F-11D3-BF4B-00C04F79EFBC}") = "OnlineClinic", "OnlineClinic\OnlineClinic.csproj", "{161586C3-AC16-490C-8C95-9045B97AB68D}"
EndProject
Global
	GlobalSection(SolutionConfigurationPlatforms) = preSolution
		Debug|Any CPU = Debug|Any CPU
		Release|Any CPU = Release|Any CPU
	EndGlobalSection
	GlobalSection(ProjectConfigurationPlatforms) = postSolution
		{161586C3-AC16-490C-8C95-9045B97AB68D}.Debug|Any CPU.ActiveCfg = Debug|Any CPU
		{161586C3-AC16-490C-8C95-9045B97AB68D}.Debug|Any CPU.Build.0 = Debug|Any CPU
		{161586C3-AC16-490C-8C95-9045B97AB68D}.Release|Any CPU.ActiveCfg = Release|Any CPU
		{161586C3-AC16-490C-8C95-9045B97AB68D}.Release|Any CPU.Build.0 = Release|Any CPU
	EndGlobalSection
	GlobalSection(SolutionProperties) = preSolution
		HideSolutionNode = FALSE
	EndGlobalSection
	GlobalSection(ExtensibilityGlobals) = postSolution
		SolutionGuid = {E1B75C2F-87C5-4F49-A336-DA6214C83491}
	EndGlobalSection
EndGlobal
